
Microsoft Visual Studio Solution File, Format Version 12.00
# Visual Studio Version 16
VisualStudioVersion = 16.0.32106.194
MinimumVisualStudioVersion = 10.0.40219.1
Project("{FAE04EC0-301F-11D3-BF4B-00C04F79EFBC}") = "MuagkoeKresloApp", "MuagkoeKresloApp\MuagkoeKresloApp.csproj", "{E00BB04A-4B62-4B3B-BB41-06C46C31C354}"
EndProject
Project("{2150E333-8FDC-42A3-9474-1A3956D46DE8}") = "Solution Items", "Solution Items", "{77A1FA34-8A59-4368-A70C-9ACC2506A2D8}"
	ProjectSection(SolutionItems) = preProject
		README.md = README.md
	EndProjectSection
EndProject
Global
	GlobalSection(SolutionConfigurationPlatforms) = preSolution
		Debug|Any CPU = Debug|Any CPU
		Release|Any CPU = Release|Any CPU
	EndGlobalSection
	GlobalSection(ProjectConfigurationPlatforms) = postSolution
		{E00BB04A-4B62-4B3B-BB41-06C46C31C354}.Debug|Any CPU.ActiveCfg = Debug|Any CPU
		{E00BB04A-4B62-4B3B-BB41-06C46C31C354}.Debug|Any CPU.Build.0 = Debug|Any CPU
		{E00BB04A-4B62-4B3B-BB41-06C46C31C354}.Release|Any CPU.ActiveCfg = Release|Any CPU
		{E00BB04A-4B62-4B3B-BB41-06C46C31C354}.Release|Any CPU.Build.0 = Release|Any CPU
	EndGlobalSection
	GlobalSection(SolutionProperties) = preSolution
		HideSolutionNode = FALSE
	EndGlobalSection
	GlobalSection(ExtensibilityGlobals) = postSolution
		SolutionGuid = {380EA1CB-B5DF-4763-9142-AB1E90538EFF}
	EndGlobalSection
EndGlobal
